// !$*UTF8*$!
{
	archiveVersion = 1;
	classes = {
	};
	objectVersion = 51;
	objects = {

/* Begin PBXBuildFile section */
		023C20A75D6648F4B3112112 /* Pods_MyKitchen.framework in Frameworks */ = {isa = PBXBuildFile; fileRef = BD5CCCC671F74259BB795E96 /* Pods_MyKitchen.framework */; };
		3D1126BC272C467D0090888B /* MealViewerCardView.swift in Sources */ = {isa = PBXBuildFile; fileRef = 3D1126BB272C467D0090888B /* MealViewerCardView.swift */; };
		3D4EB768272318340049CAF1 /* MealViewer.swift in Sources */ = {isa = PBXBuildFile; fileRef = 3D4EB767272318340049CAF1 /* MealViewer.swift */; };
		3D4EB76A272355F80049CAF1 /* Searchbar.swift in Sources */ = {isa = PBXBuildFile; fileRef = 3D4EB769272355F80049CAF1 /* Searchbar.swift */; };
		3D5557CD2719E355009D5E7D /* RecipeCardView.swift in Sources */ = {isa = PBXBuildFile; fileRef = 3D5557CC2719E355009D5E7D /* RecipeCardView.swift */; };
		3D69E7A32736EE6C00709BCA /* RecipeApiResponse.swift in Sources */ = {isa = PBXBuildFile; fileRef = 3D69E7A22736EE6C00709BCA /* RecipeApiResponse.swift */; };
		3D7D2ACD27350A7900153328 /* FirebaseInterface.swift in Sources */ = {isa = PBXBuildFile; fileRef = 3D7D2ACC27350A7900153328 /* FirebaseInterface.swift */; };
		3D7D2ACF27350F8C00153328 /* GoogleService-Info.plist in Resources */ = {isa = PBXBuildFile; fileRef = 3D7D2ACE27350F8C00153328 /* GoogleService-Info.plist */; };
		3D934C662738B0BA005552B4 /* EdamamInterface.swift in Sources */ = {isa = PBXBuildFile; fileRef = 3D934C652738B0BA005552B4 /* EdamamInterface.swift */; };
		3D934C682738B348005552B4 /* ImageHolder.swift in Sources */ = {isa = PBXBuildFile; fileRef = 3D934C672738B348005552B4 /* ImageHolder.swift */; };
		3DA182FB2736FE6D00956FDD /* RecipeApi.swift in Sources */ = {isa = PBXBuildFile; fileRef = 3DA182FA2736FE6D00956FDD /* RecipeApi.swift */; };
		3DA182FD2736FF0600956FDD /* IngredientApi.swift in Sources */ = {isa = PBXBuildFile; fileRef = 3DA182FC2736FF0600956FDD /* IngredientApi.swift */; };
		3DA9E2A32733145300476227 /* Quantity.swift in Sources */ = {isa = PBXBuildFile; fileRef = 3DA9E2A22733145300476227 /* Quantity.swift */; };
		3DA9E2A52733145E00476227 /* Unit.swift in Sources */ = {isa = PBXBuildFile; fileRef = 3DA9E2A42733145E00476227 /* Unit.swift */; };
		3DA9E2A92733158B00476227 /* AddRecipeView.swift in Sources */ = {isa = PBXBuildFile; fileRef = 3DA9E2A82733158B00476227 /* AddRecipeView.swift */; };
		3DA9E2AB273315EE00476227 /* IngredientEditCardView.swift in Sources */ = {isa = PBXBuildFile; fileRef = 3DA9E2AA273315EE00476227 /* IngredientEditCardView.swift */; };
		3DB44B50271911A600DACF0E /* MyKitchenApp.swift in Sources */ = {isa = PBXBuildFile; fileRef = 3DB44B4F271911A600DACF0E /* MyKitchenApp.swift */; };
		3DB44B52271911A600DACF0E /* ContentView.swift in Sources */ = {isa = PBXBuildFile; fileRef = 3DB44B51271911A600DACF0E /* ContentView.swift */; };
		3DB44B54271911A900DACF0E /* Assets.xcassets in Resources */ = {isa = PBXBuildFile; fileRef = 3DB44B53271911A900DACF0E /* Assets.xcassets */; };
		3DB44B57271911A900DACF0E /* Preview Assets.xcassets in Resources */ = {isa = PBXBuildFile; fileRef = 3DB44B56271911A900DACF0E /* Preview Assets.xcassets */; };
		3DB44B62271911A900DACF0E /* MyKitchenTests.swift in Sources */ = {isa = PBXBuildFile; fileRef = 3DB44B61271911A900DACF0E /* MyKitchenTests.swift */; };
		3DB44B6D271911A900DACF0E /* MyKitchenUITests.swift in Sources */ = {isa = PBXBuildFile; fileRef = 3DB44B6C271911A900DACF0E /* MyKitchenUITests.swift */; };
		3DB44B7C271918B400DACF0E /* HomeView.swift in Sources */ = {isa = PBXBuildFile; fileRef = 3DB44B7B271918B400DACF0E /* HomeView.swift */; };
		3DB44B812719203900DACF0E /* Recipe.swift in Sources */ = {isa = PBXBuildFile; fileRef = 3DB44B802719203900DACF0E /* Recipe.swift */; };
		3DB85DFC273338F900695D1F /* Ingredient.swift in Sources */ = {isa = PBXBuildFile; fileRef = 3DB85DFB273338F900695D1F /* Ingredient.swift */; };
		3DB85DFE2733462600695D1F /* PersonalListView.swift in Sources */ = {isa = PBXBuildFile; fileRef = 3DB85DFD2733462600695D1F /* PersonalListView.swift */; };
		3DB85E002733839200695D1F /* IngType.swift in Sources */ = {isa = PBXBuildFile; fileRef = 3DB85DFF2733839200695D1F /* IngType.swift */; };
		3DB85E0627339EFD00695D1F /* SignInView.swift in Sources */ = {isa = PBXBuildFile; fileRef = 3DB85E0527339EFD00695D1F /* SignInView.swift */; };
		3DB85E0827339FE300695D1F /* SignUpView.swift in Sources */ = {isa = PBXBuildFile; fileRef = 3DB85E0727339FE300695D1F /* SignUpView.swift */; };
		3DB914B72733B0C100549E66 /* LoginPageView.swift in Sources */ = {isa = PBXBuildFile; fileRef = 3DB914B62733B0C100549E66 /* LoginPageView.swift */; };
		3DCFA871272BA9D4009184DA /* RecipeDetailsView.swift in Sources */ = {isa = PBXBuildFile; fileRef = 3DCFA86D272BA9D4009184DA /* RecipeDetailsView.swift */; };
		3DCFA872272BA9D4009184DA /* RecipeView.swift in Sources */ = {isa = PBXBuildFile; fileRef = 3DCFA86E272BA9D4009184DA /* RecipeView.swift */; };
		3DCFA873272BA9D4009184DA /* PlanningView.swift in Sources */ = {isa = PBXBuildFile; fileRef = 3DCFA86F272BA9D4009184DA /* PlanningView.swift */; };
		3DD93C3527222CA6005AE1CC /* NavBar.swift in Sources */ = {isa = PBXBuildFile; fileRef = 3DD93C3427222CA6005AE1CC /* NavBar.swift */; };
		43D7FA6338F74ED094BDAF01 /* Pods_MyKitchenTests.framework in Frameworks */ = {isa = PBXBuildFile; fileRef = B772AFE48E4AEF7797F7B677 /* Pods_MyKitchenTests.framework */; };
		9B99FE73272B1F0F009E6B62 /* GroupsView.swift in Sources */ = {isa = PBXBuildFile; fileRef = 9B99FE72272B1F0F009E6B62 /* GroupsView.swift */; };
		9B99FE75272B2344009E6B62 /* MemberCards.swift in Sources */ = {isa = PBXBuildFile; fileRef = 9B99FE74272B2344009E6B62 /* MemberCards.swift */; };
		9B99FE79272B30B1009E6B62 /* UserModel.swift in Sources */ = {isa = PBXBuildFile; fileRef = 9B99FE78272B30B1009E6B62 /* UserModel.swift */; };
		9B99FE7D272B6539009E6B62 /* GroupsHomeView.swift in Sources */ = {isa = PBXBuildFile; fileRef = 9B99FE7C272B6538009E6B62 /* GroupsHomeView.swift */; };
		9B99FE83272B991C009E6B62 /* SmallMemberCards.swift in Sources */ = {isa = PBXBuildFile; fileRef = 9B99FE82272B991C009E6B62 /* SmallMemberCards.swift */; };
		A327A1D6272C688F001B7627 /* DaysOfWeek.swift in Sources */ = {isa = PBXBuildFile; fileRef = A327A1D5272C688F001B7627 /* DaysOfWeek.swift */; };
		A35179BC2731EC1400E35FC2 /* MealDaySelection.swift in Sources */ = {isa = PBXBuildFile; fileRef = A35179BB2731EC1400E35FC2 /* MealDaySelection.swift */; };
		BA5FD80E2732CD60000ACC4C /* PantryView.swift in Sources */ = {isa = PBXBuildFile; fileRef = BA5FD80D2732CD60000ACC4C /* PantryView.swift */; };
		BA5FD8122732DDCA000ACC4C /* ItemView.swift in Sources */ = {isa = PBXBuildFile; fileRef = BA5FD8112732DDCA000ACC4C /* ItemView.swift */; };
		E6EC5B8BF079E567C03F6584 /* Pods_MyKitchen_MyKitchenUITests.framework in Frameworks */ = {isa = PBXBuildFile; fileRef = 7CC46418F0FF1BD6E3D7BE54 /* Pods_MyKitchen_MyKitchenUITests.framework */; };
/* End PBXBuildFile section */

/* Begin PBXContainerItemProxy section */
		3DB44B5E271911A900DACF0E /* PBXContainerItemProxy */ = {
			isa = PBXContainerItemProxy;
			containerPortal = 3DB44B44271911A600DACF0E /* Project object */;
			proxyType = 1;
			remoteGlobalIDString = 3DB44B4B271911A600DACF0E;
			remoteInfo = MyKitchen;
		};
		3DB44B69271911A900DACF0E /* PBXContainerItemProxy */ = {
			isa = PBXContainerItemProxy;
			containerPortal = 3DB44B44271911A600DACF0E /* Project object */;
			proxyType = 1;
			remoteGlobalIDString = 3DB44B4B271911A600DACF0E;
			remoteInfo = MyKitchen;
		};
/* End PBXContainerItemProxy section */

/* Begin PBXFileReference section */
		0389DE2B865C0C999E0F0196 /* Pods-MyKitchen.release.xcconfig */ = {isa = PBXFileReference; includeInIndex = 1; lastKnownFileType = text.xcconfig; name = "Pods-MyKitchen.release.xcconfig"; path = "Target Support Files/Pods-MyKitchen/Pods-MyKitchen.release.xcconfig"; sourceTree = "<group>"; };
		0E380EBE85460989D689C3D3 /* Pods-MyKitchenTests.release.xcconfig */ = {isa = PBXFileReference; includeInIndex = 1; lastKnownFileType = text.xcconfig; name = "Pods-MyKitchenTests.release.xcconfig"; path = "Target Support Files/Pods-MyKitchenTests/Pods-MyKitchenTests.release.xcconfig"; sourceTree = "<group>"; };
		3D1126BB272C467D0090888B /* MealViewerCardView.swift */ = {isa = PBXFileReference; lastKnownFileType = sourcecode.swift; path = MealViewerCardView.swift; sourceTree = "<group>"; };
		3D4EB767272318340049CAF1 /* MealViewer.swift */ = {isa = PBXFileReference; lastKnownFileType = sourcecode.swift; path = MealViewer.swift; sourceTree = "<group>"; };
		3D4EB769272355F80049CAF1 /* Searchbar.swift */ = {isa = PBXFileReference; lastKnownFileType = sourcecode.swift; path = Searchbar.swift; sourceTree = "<group>"; };
		3D5557CC2719E355009D5E7D /* RecipeCardView.swift */ = {isa = PBXFileReference; fileEncoding = 4; lastKnownFileType = sourcecode.swift; path = RecipeCardView.swift; sourceTree = "<group>"; };
		3D69E7A22736EE6C00709BCA /* RecipeApiResponse.swift */ = {isa = PBXFileReference; lastKnownFileType = sourcecode.swift; path = RecipeApiResponse.swift; sourceTree = "<group>"; };
		3D7D2ACC27350A7900153328 /* FirebaseInterface.swift */ = {isa = PBXFileReference; lastKnownFileType = sourcecode.swift; path = FirebaseInterface.swift; sourceTree = "<group>"; };
		3D7D2ACE27350F8C00153328 /* GoogleService-Info.plist */ = {isa = PBXFileReference; fileEncoding = 4; lastKnownFileType = text.plist.xml; path = "GoogleService-Info.plist"; sourceTree = "<group>"; };
		3D934C652738B0BA005552B4 /* EdamamInterface.swift */ = {isa = PBXFileReference; lastKnownFileType = sourcecode.swift; path = EdamamInterface.swift; sourceTree = "<group>"; };
		3D934C672738B348005552B4 /* ImageHolder.swift */ = {isa = PBXFileReference; lastKnownFileType = sourcecode.swift; path = ImageHolder.swift; sourceTree = "<group>"; };
		3DA182FA2736FE6D00956FDD /* RecipeApi.swift */ = {isa = PBXFileReference; lastKnownFileType = sourcecode.swift; path = RecipeApi.swift; sourceTree = "<group>"; };
		3DA182FC2736FF0600956FDD /* IngredientApi.swift */ = {isa = PBXFileReference; lastKnownFileType = sourcecode.swift; path = IngredientApi.swift; sourceTree = "<group>"; };
		3DA9E2A22733145300476227 /* Quantity.swift */ = {isa = PBXFileReference; fileEncoding = 4; lastKnownFileType = sourcecode.swift; path = Quantity.swift; sourceTree = "<group>"; };
		3DA9E2A42733145E00476227 /* Unit.swift */ = {isa = PBXFileReference; fileEncoding = 4; lastKnownFileType = sourcecode.swift; path = Unit.swift; sourceTree = "<group>"; };
		3DA9E2A82733158B00476227 /* AddRecipeView.swift */ = {isa = PBXFileReference; fileEncoding = 4; lastKnownFileType = sourcecode.swift; path = AddRecipeView.swift; sourceTree = "<group>"; };
		3DA9E2AA273315EE00476227 /* IngredientEditCardView.swift */ = {isa = PBXFileReference; fileEncoding = 4; lastKnownFileType = sourcecode.swift; path = IngredientEditCardView.swift; sourceTree = "<group>"; };
		3DB44B4C271911A600DACF0E /* MyKitchen.app */ = {isa = PBXFileReference; explicitFileType = wrapper.application; includeInIndex = 0; path = MyKitchen.app; sourceTree = BUILT_PRODUCTS_DIR; };
		3DB44B4F271911A600DACF0E /* MyKitchenApp.swift */ = {isa = PBXFileReference; lastKnownFileType = sourcecode.swift; path = MyKitchenApp.swift; sourceTree = "<group>"; };
		3DB44B51271911A600DACF0E /* ContentView.swift */ = {isa = PBXFileReference; lastKnownFileType = sourcecode.swift; path = ContentView.swift; sourceTree = "<group>"; };
		3DB44B53271911A900DACF0E /* Assets.xcassets */ = {isa = PBXFileReference; lastKnownFileType = folder.assetcatalog; path = Assets.xcassets; sourceTree = "<group>"; };
		3DB44B56271911A900DACF0E /* Preview Assets.xcassets */ = {isa = PBXFileReference; lastKnownFileType = folder.assetcatalog; path = "Preview Assets.xcassets"; sourceTree = "<group>"; };
		3DB44B58271911A900DACF0E /* Info.plist */ = {isa = PBXFileReference; lastKnownFileType = text.plist.xml; path = Info.plist; sourceTree = "<group>"; };
		3DB44B5D271911A900DACF0E /* MyKitchenTests.xctest */ = {isa = PBXFileReference; explicitFileType = wrapper.cfbundle; includeInIndex = 0; path = MyKitchenTests.xctest; sourceTree = BUILT_PRODUCTS_DIR; };
		3DB44B61271911A900DACF0E /* MyKitchenTests.swift */ = {isa = PBXFileReference; lastKnownFileType = sourcecode.swift; path = MyKitchenTests.swift; sourceTree = "<group>"; };
		3DB44B63271911A900DACF0E /* Info.plist */ = {isa = PBXFileReference; lastKnownFileType = text.plist.xml; path = Info.plist; sourceTree = "<group>"; };
		3DB44B68271911A900DACF0E /* MyKitchenUITests.xctest */ = {isa = PBXFileReference; explicitFileType = wrapper.cfbundle; includeInIndex = 0; path = MyKitchenUITests.xctest; sourceTree = BUILT_PRODUCTS_DIR; };
		3DB44B6C271911A900DACF0E /* MyKitchenUITests.swift */ = {isa = PBXFileReference; lastKnownFileType = sourcecode.swift; path = MyKitchenUITests.swift; sourceTree = "<group>"; };
		3DB44B6E271911A900DACF0E /* Info.plist */ = {isa = PBXFileReference; lastKnownFileType = text.plist.xml; path = Info.plist; sourceTree = "<group>"; };
		3DB44B7B271918B400DACF0E /* HomeView.swift */ = {isa = PBXFileReference; lastKnownFileType = sourcecode.swift; path = HomeView.swift; sourceTree = "<group>"; };
		3DB44B802719203900DACF0E /* Recipe.swift */ = {isa = PBXFileReference; lastKnownFileType = sourcecode.swift; path = Recipe.swift; sourceTree = "<group>"; };
		3DB85DFB273338F900695D1F /* Ingredient.swift */ = {isa = PBXFileReference; fileEncoding = 4; lastKnownFileType = sourcecode.swift; path = Ingredient.swift; sourceTree = "<group>"; };
		3DB85DFD2733462600695D1F /* PersonalListView.swift */ = {isa = PBXFileReference; lastKnownFileType = sourcecode.swift; path = PersonalListView.swift; sourceTree = "<group>"; };
		3DB85DFF2733839200695D1F /* IngType.swift */ = {isa = PBXFileReference; lastKnownFileType = sourcecode.swift; path = IngType.swift; sourceTree = "<group>"; };
		3DB85E0527339EFD00695D1F /* SignInView.swift */ = {isa = PBXFileReference; lastKnownFileType = sourcecode.swift; path = SignInView.swift; sourceTree = "<group>"; };
		3DB85E0727339FE300695D1F /* SignUpView.swift */ = {isa = PBXFileReference; lastKnownFileType = sourcecode.swift; path = SignUpView.swift; sourceTree = "<group>"; };
		3DB914B62733B0C100549E66 /* LoginPageView.swift */ = {isa = PBXFileReference; lastKnownFileType = sourcecode.swift; path = LoginPageView.swift; sourceTree = "<group>"; };
		3DCFA86D272BA9D4009184DA /* RecipeDetailsView.swift */ = {isa = PBXFileReference; fileEncoding = 4; lastKnownFileType = sourcecode.swift; path = RecipeDetailsView.swift; sourceTree = "<group>"; };
		3DCFA86E272BA9D4009184DA /* RecipeView.swift */ = {isa = PBXFileReference; fileEncoding = 4; lastKnownFileType = sourcecode.swift; path = RecipeView.swift; sourceTree = "<group>"; };
		3DCFA86F272BA9D4009184DA /* PlanningView.swift */ = {isa = PBXFileReference; fileEncoding = 4; lastKnownFileType = sourcecode.swift; path = PlanningView.swift; sourceTree = "<group>"; };
		3DD93C3427222CA6005AE1CC /* NavBar.swift */ = {isa = PBXFileReference; lastKnownFileType = sourcecode.swift; path = NavBar.swift; sourceTree = "<group>"; };
		7CC46418F0FF1BD6E3D7BE54 /* Pods_MyKitchen_MyKitchenUITests.framework */ = {isa = PBXFileReference; explicitFileType = wrapper.framework; includeInIndex = 0; path = Pods_MyKitchen_MyKitchenUITests.framework; sourceTree = BUILT_PRODUCTS_DIR; };
		9B99FE6B272B1C71009E6B62 /* MyKitchen.entitlements */ = {isa = PBXFileReference; lastKnownFileType = text.plist.entitlements; path = MyKitchen.entitlements; sourceTree = "<group>"; };
		9B99FE72272B1F0F009E6B62 /* GroupsView.swift */ = {isa = PBXFileReference; lastKnownFileType = sourcecode.swift; path = GroupsView.swift; sourceTree = "<group>"; };
		9B99FE74272B2344009E6B62 /* MemberCards.swift */ = {isa = PBXFileReference; lastKnownFileType = sourcecode.swift; path = MemberCards.swift; sourceTree = "<group>"; };
		9B99FE78272B30B1009E6B62 /* UserModel.swift */ = {isa = PBXFileReference; lastKnownFileType = sourcecode.swift; path = UserModel.swift; sourceTree = "<group>"; };
		9B99FE7C272B6538009E6B62 /* GroupsHomeView.swift */ = {isa = PBXFileReference; lastKnownFileType = sourcecode.swift; path = GroupsHomeView.swift; sourceTree = "<group>"; };
		9B99FE82272B991C009E6B62 /* SmallMemberCards.swift */ = {isa = PBXFileReference; lastKnownFileType = sourcecode.swift; path = SmallMemberCards.swift; sourceTree = "<group>"; };
		A327A1D5272C688F001B7627 /* DaysOfWeek.swift */ = {isa = PBXFileReference; lastKnownFileType = sourcecode.swift; path = DaysOfWeek.swift; sourceTree = "<group>"; };
		A35179BB2731EC1400E35FC2 /* MealDaySelection.swift */ = {isa = PBXFileReference; lastKnownFileType = sourcecode.swift; path = MealDaySelection.swift; sourceTree = "<group>"; };
		B772AFE48E4AEF7797F7B677 /* Pods_MyKitchenTests.framework */ = {isa = PBXFileReference; explicitFileType = wrapper.framework; includeInIndex = 0; path = Pods_MyKitchenTests.framework; sourceTree = BUILT_PRODUCTS_DIR; };
		BA5FD80D2732CD60000ACC4C /* PantryView.swift */ = {isa = PBXFileReference; lastKnownFileType = sourcecode.swift; path = PantryView.swift; sourceTree = "<group>"; };
		BA5FD8112732DDCA000ACC4C /* ItemView.swift */ = {isa = PBXFileReference; lastKnownFileType = sourcecode.swift; path = ItemView.swift; sourceTree = "<group>"; };
		BD5CCCC671F74259BB795E96 /* Pods_MyKitchen.framework */ = {isa = PBXFileReference; explicitFileType = wrapper.framework; includeInIndex = 0; path = Pods_MyKitchen.framework; sourceTree = BUILT_PRODUCTS_DIR; };
		C41630BBFD9C5D8FD91EE318 /* Pods-MyKitchen-MyKitchenUITests.debug.xcconfig */ = {isa = PBXFileReference; includeInIndex = 1; lastKnownFileType = text.xcconfig; name = "Pods-MyKitchen-MyKitchenUITests.debug.xcconfig"; path = "Target Support Files/Pods-MyKitchen-MyKitchenUITests/Pods-MyKitchen-MyKitchenUITests.debug.xcconfig"; sourceTree = "<group>"; };
		DF9E2890C99CCC972C4C9DAD /* Pods-MyKitchen.debug.xcconfig */ = {isa = PBXFileReference; includeInIndex = 1; lastKnownFileType = text.xcconfig; name = "Pods-MyKitchen.debug.xcconfig"; path = "Target Support Files/Pods-MyKitchen/Pods-MyKitchen.debug.xcconfig"; sourceTree = "<group>"; };
		EB3A6E4C622DAD0A448B4B12 /* Pods-MyKitchen-MyKitchenUITests.release.xcconfig */ = {isa = PBXFileReference; includeInIndex = 1; lastKnownFileType = text.xcconfig; name = "Pods-MyKitchen-MyKitchenUITests.release.xcconfig"; path = "Target Support Files/Pods-MyKitchen-MyKitchenUITests/Pods-MyKitchen-MyKitchenUITests.release.xcconfig"; sourceTree = "<group>"; };
		EC62A3B39A2B1666EB85520E /* Pods-MyKitchenTests.debug.xcconfig */ = {isa = PBXFileReference; includeInIndex = 1; lastKnownFileType = text.xcconfig; name = "Pods-MyKitchenTests.debug.xcconfig"; path = "Target Support Files/Pods-MyKitchenTests/Pods-MyKitchenTests.debug.xcconfig"; sourceTree = "<group>"; };
/* End PBXFileReference section */

/* Begin PBXFrameworksBuildPhase section */
		3DB44B49271911A600DACF0E /* Frameworks */ = {
			isa = PBXFrameworksBuildPhase;
			buildActionMask = 2147483647;
			files = (
				023C20A75D6648F4B3112112 /* Pods_MyKitchen.framework in Frameworks */,
			);
			runOnlyForDeploymentPostprocessing = 0;
		};
		3DB44B5A271911A900DACF0E /* Frameworks */ = {
			isa = PBXFrameworksBuildPhase;
			buildActionMask = 2147483647;
			files = (
				43D7FA6338F74ED094BDAF01 /* Pods_MyKitchenTests.framework in Frameworks */,
			);
			runOnlyForDeploymentPostprocessing = 0;
		};
		3DB44B65271911A900DACF0E /* Frameworks */ = {
			isa = PBXFrameworksBuildPhase;
			buildActionMask = 2147483647;
			files = (
				E6EC5B8BF079E567C03F6584 /* Pods_MyKitchen_MyKitchenUITests.framework in Frameworks */,
			);
			runOnlyForDeploymentPostprocessing = 0;
		};
/* End PBXFrameworksBuildPhase section */

/* Begin PBXGroup section */
		3DA9E2A12733143200476227 /* Utilities */ = {
			isa = PBXGroup;
			children = (
				A327A1D5272C688F001B7627 /* DaysOfWeek.swift */,
				3DA9E2A42733145E00476227 /* Unit.swift */,
				3DB85DFF2733839200695D1F /* IngType.swift */,
				3D7D2ACC27350A7900153328 /* FirebaseInterface.swift */,
				3D934C652738B0BA005552B4 /* EdamamInterface.swift */,
				3D934C672738B348005552B4 /* ImageHolder.swift */,
			);
			path = Utilities;
			sourceTree = "<group>";
		};
		3DB44B43271911A600DACF0E = {
			isa = PBXGroup;
			children = (
				3DB44B4E271911A600DACF0E /* MyKitchen */,
				3DB44B60271911A900DACF0E /* MyKitchenTests */,
				3DB44B6B271911A900DACF0E /* MyKitchenUITests */,
				3DB44B4D271911A600DACF0E /* Products */,
				5683DBEBFA0C528CA85BDDDB /* Pods */,
				B5F59E62EBDA807115F78C5B /* Frameworks */,
			);
			sourceTree = "<group>";
		};
		3DB44B4D271911A600DACF0E /* Products */ = {
			isa = PBXGroup;
			children = (
				3DB44B4C271911A600DACF0E /* MyKitchen.app */,
				3DB44B5D271911A900DACF0E /* MyKitchenTests.xctest */,
				3DB44B68271911A900DACF0E /* MyKitchenUITests.xctest */,
			);
			name = Products;
			sourceTree = "<group>";
		};
		3DB44B4E271911A600DACF0E /* MyKitchen */ = {
			isa = PBXGroup;
			children = (
				3DB44B7F2719200900DACF0E /* Models */,
				3DB44B7A2719188600DACF0E /* Views */,
				3DA9E2A12733143200476227 /* Utilities */,
				3DB44B4F271911A600DACF0E /* MyKitchenApp.swift */,
				3DB44B51271911A600DACF0E /* ContentView.swift */,
				3DB44B53271911A900DACF0E /* Assets.xcassets */,
				3D7D2ACE27350F8C00153328 /* GoogleService-Info.plist */,
				3DB44B58271911A900DACF0E /* Info.plist */,
				9B99FE6B272B1C71009E6B62 /* MyKitchen.entitlements */,
				3DB44B55271911A900DACF0E /* Preview Content */,
			);
			path = MyKitchen;
			sourceTree = "<group>";
		};
		3DB44B55271911A900DACF0E /* Preview Content */ = {
			isa = PBXGroup;
			children = (
				3DB44B56271911A900DACF0E /* Preview Assets.xcassets */,
			);
			path = "Preview Content";
			sourceTree = "<group>";
		};
		3DB44B60271911A900DACF0E /* MyKitchenTests */ = {
			isa = PBXGroup;
			children = (
				3DB44B61271911A900DACF0E /* MyKitchenTests.swift */,
				3DB44B63271911A900DACF0E /* Info.plist */,
			);
			path = MyKitchenTests;
			sourceTree = "<group>";
		};
		3DB44B6B271911A900DACF0E /* MyKitchenUITests */ = {
			isa = PBXGroup;
			children = (
				3DB44B6C271911A900DACF0E /* MyKitchenUITests.swift */,
				3DB44B6E271911A900DACF0E /* Info.plist */,
			);
			path = MyKitchenUITests;
			sourceTree = "<group>";
		};
		3DB44B7A2719188600DACF0E /* Views */ = {
			isa = PBXGroup;
			children = (
				3DB85E0327339EE200695D1F /* Login */,
				BA5FD80C2732CD41000ACC4C /* MyPantry */,
				A35179BA2731EBE800E35FC2 /* MealViewer */,
				3DCFA86C272BA994009184DA /* Planning */,
				3DB44B822719282B00DACF0E /* CardViews */,
				3DB44B7B271918B400DACF0E /* HomeView.swift */,
				3DD93C3427222CA6005AE1CC /* NavBar.swift */,
				3D4EB767272318340049CAF1 /* MealViewer.swift */,
				9B99FE72272B1F0F009E6B62 /* GroupsView.swift */,
				9B99FE7C272B6538009E6B62 /* GroupsHomeView.swift */,
				3DB85DFD2733462600695D1F /* PersonalListView.swift */,
			);
			path = Views;
			sourceTree = "<group>";
		};
		3DB44B7F2719200900DACF0E /* Models */ = {
			isa = PBXGroup;
			children = (
				3DB85DFB273338F900695D1F /* Ingredient.swift */,
				3DB44B802719203900DACF0E /* Recipe.swift */,
				9B99FE78272B30B1009E6B62 /* UserModel.swift */,
				3DA9E2A22733145300476227 /* Quantity.swift */,
				3D69E7A22736EE6C00709BCA /* RecipeApiResponse.swift */,
				3DA182FA2736FE6D00956FDD /* RecipeApi.swift */,
				3DA182FC2736FF0600956FDD /* IngredientApi.swift */,
			);
			path = Models;
			sourceTree = "<group>";
		};
		3DB44B822719282B00DACF0E /* CardViews */ = {
			isa = PBXGroup;
			children = (
				3DA9E2AA273315EE00476227 /* IngredientEditCardView.swift */,
				3D5557CC2719E355009D5E7D /* RecipeCardView.swift */,
				3D4EB769272355F80049CAF1 /* Searchbar.swift */,
				9B99FE74272B2344009E6B62 /* MemberCards.swift */,
				9B99FE82272B991C009E6B62 /* SmallMemberCards.swift */,
				3D1126BB272C467D0090888B /* MealViewerCardView.swift */,
			);
			path = CardViews;
			sourceTree = "<group>";
		};
		3DB85E0327339EE200695D1F /* Login */ = {
			isa = PBXGroup;
			children = (
				3DB914B62733B0C100549E66 /* LoginPageView.swift */,
				3DB85E0527339EFD00695D1F /* SignInView.swift */,
				3DB85E0727339FE300695D1F /* SignUpView.swift */,
			);
			path = Login;
			sourceTree = "<group>";
		};
		3DCFA86C272BA994009184DA /* Planning */ = {
			isa = PBXGroup;
			children = (
				3DA9E2A82733158B00476227 /* AddRecipeView.swift */,
				3DCFA86F272BA9D4009184DA /* PlanningView.swift */,
				3DCFA86D272BA9D4009184DA /* RecipeDetailsView.swift */,
				3DCFA86E272BA9D4009184DA /* RecipeView.swift */,
			);
			path = Planning;
			sourceTree = "<group>";
		};
		5683DBEBFA0C528CA85BDDDB /* Pods */ = {
			isa = PBXGroup;
			children = (
				DF9E2890C99CCC972C4C9DAD /* Pods-MyKitchen.debug.xcconfig */,
				0389DE2B865C0C999E0F0196 /* Pods-MyKitchen.release.xcconfig */,
				C41630BBFD9C5D8FD91EE318 /* Pods-MyKitchen-MyKitchenUITests.debug.xcconfig */,
				EB3A6E4C622DAD0A448B4B12 /* Pods-MyKitchen-MyKitchenUITests.release.xcconfig */,
				EC62A3B39A2B1666EB85520E /* Pods-MyKitchenTests.debug.xcconfig */,
				0E380EBE85460989D689C3D3 /* Pods-MyKitchenTests.release.xcconfig */,
			);
			path = Pods;
			sourceTree = "<group>";
		};
		A35179BA2731EBE800E35FC2 /* MealViewer */ = {
			isa = PBXGroup;
			children = (
				A35179BB2731EC1400E35FC2 /* MealDaySelection.swift */,
			);
			path = MealViewer;
			sourceTree = "<group>";
		};
		B5F59E62EBDA807115F78C5B /* Frameworks */ = {
			isa = PBXGroup;
			children = (
				BD5CCCC671F74259BB795E96 /* Pods_MyKitchen.framework */,
				7CC46418F0FF1BD6E3D7BE54 /* Pods_MyKitchen_MyKitchenUITests.framework */,
				B772AFE48E4AEF7797F7B677 /* Pods_MyKitchenTests.framework */,
			);
			name = Frameworks;
			sourceTree = "<group>";
		};
		BA5FD80C2732CD41000ACC4C /* MyPantry */ = {
			isa = PBXGroup;
			children = (
				BA5FD80D2732CD60000ACC4C /* PantryView.swift */,
				BA5FD8112732DDCA000ACC4C /* ItemView.swift */,
			);
			path = MyPantry;
			sourceTree = "<group>";
		};
/* End PBXGroup section */

/* Begin PBXNativeTarget section */
		3DB44B4B271911A600DACF0E /* MyKitchen */ = {
			isa = PBXNativeTarget;
			buildConfigurationList = 3DB44B71271911A900DACF0E /* Build configuration list for PBXNativeTarget "MyKitchen" */;
			buildPhases = (
				9D45B6036CE1DD4EBD6F6561 /* [CP] Check Pods Manifest.lock */,
				3DB44B48271911A600DACF0E /* Sources */,
				3DB44B49271911A600DACF0E /* Frameworks */,
				3DB44B4A271911A600DACF0E /* Resources */,
				6168A79FF81BCF6DC1592E34 /* [CP] Embed Pods Frameworks */,
			);
			buildRules = (
			);
			dependencies = (
			);
			name = MyKitchen;
			productName = MyKitchen;
			productReference = 3DB44B4C271911A600DACF0E /* MyKitchen.app */;
			productType = "com.apple.product-type.application";
		};
		3DB44B5C271911A900DACF0E /* MyKitchenTests */ = {
			isa = PBXNativeTarget;
			buildConfigurationList = 3DB44B74271911A900DACF0E /* Build configuration list for PBXNativeTarget "MyKitchenTests" */;
			buildPhases = (
				2774F9B3D1A51831A4AF2DDA /* [CP] Check Pods Manifest.lock */,
				3DB44B59271911A900DACF0E /* Sources */,
				3DB44B5A271911A900DACF0E /* Frameworks */,
				3DB44B5B271911A900DACF0E /* Resources */,
			);
			buildRules = (
			);
			dependencies = (
				3DB44B5F271911A900DACF0E /* PBXTargetDependency */,
			);
			name = MyKitchenTests;
			productName = MyKitchenTests;
			productReference = 3DB44B5D271911A900DACF0E /* MyKitchenTests.xctest */;
			productType = "com.apple.product-type.bundle.unit-test";
		};
		3DB44B67271911A900DACF0E /* MyKitchenUITests */ = {
			isa = PBXNativeTarget;
			buildConfigurationList = 3DB44B77271911A900DACF0E /* Build configuration list for PBXNativeTarget "MyKitchenUITests" */;
			buildPhases = (
				7263D9C5D460D24D9D9A3D5B /* [CP] Check Pods Manifest.lock */,
				3DB44B64271911A900DACF0E /* Sources */,
				3DB44B65271911A900DACF0E /* Frameworks */,
				3DB44B66271911A900DACF0E /* Resources */,
				B602FFB1BDA1A189E142BB01 /* [CP] Embed Pods Frameworks */,
			);
			buildRules = (
			);
			dependencies = (
				3DB44B6A271911A900DACF0E /* PBXTargetDependency */,
			);
			name = MyKitchenUITests;
			productName = MyKitchenUITests;
			productReference = 3DB44B68271911A900DACF0E /* MyKitchenUITests.xctest */;
			productType = "com.apple.product-type.bundle.ui-testing";
		};
/* End PBXNativeTarget section */

/* Begin PBXProject section */
		3DB44B44271911A600DACF0E /* Project object */ = {
			isa = PBXProject;
			attributes = {
				LastSwiftUpdateCheck = 1250;
				LastUpgradeCheck = 1250;
				TargetAttributes = {
					3DB44B4B271911A600DACF0E = {
						CreatedOnToolsVersion = 12.5.1;
					};
					3DB44B5C271911A900DACF0E = {
						CreatedOnToolsVersion = 12.5.1;
						TestTargetID = 3DB44B4B271911A600DACF0E;
					};
					3DB44B67271911A900DACF0E = {
						CreatedOnToolsVersion = 12.5.1;
						TestTargetID = 3DB44B4B271911A600DACF0E;
					};
				};
			};
			buildConfigurationList = 3DB44B47271911A600DACF0E /* Build configuration list for PBXProject "MyKitchen" */;
			compatibilityVersion = "Xcode 9.3";
			developmentRegion = en;
			hasScannedForEncodings = 0;
			knownRegions = (
				en,
				Base,
			);
			mainGroup = 3DB44B43271911A600DACF0E;
			productRefGroup = 3DB44B4D271911A600DACF0E /* Products */;
			projectDirPath = "";
			projectRoot = "";
			targets = (
				3DB44B4B271911A600DACF0E /* MyKitchen */,
				3DB44B5C271911A900DACF0E /* MyKitchenTests */,
				3DB44B67271911A900DACF0E /* MyKitchenUITests */,
			);
		};
/* End PBXProject section */

/* Begin PBXResourcesBuildPhase section */
		3DB44B4A271911A600DACF0E /* Resources */ = {
			isa = PBXResourcesBuildPhase;
			buildActionMask = 2147483647;
			files = (
				3DB44B57271911A900DACF0E /* Preview Assets.xcassets in Resources */,
				3DB44B54271911A900DACF0E /* Assets.xcassets in Resources */,
				3D7D2ACF27350F8C00153328 /* GoogleService-Info.plist in Resources */,
			);
			runOnlyForDeploymentPostprocessing = 0;
		};
		3DB44B5B271911A900DACF0E /* Resources */ = {
			isa = PBXResourcesBuildPhase;
			buildActionMask = 2147483647;
			files = (
			);
			runOnlyForDeploymentPostprocessing = 0;
		};
		3DB44B66271911A900DACF0E /* Resources */ = {
			isa = PBXResourcesBuildPhase;
			buildActionMask = 2147483647;
			files = (
			);
			runOnlyForDeploymentPostprocessing = 0;
		};
/* End PBXResourcesBuildPhase section */

/* Begin PBXShellScriptBuildPhase section */
		2774F9B3D1A51831A4AF2DDA /* [CP] Check Pods Manifest.lock */ = {
			isa = PBXShellScriptBuildPhase;
			buildActionMask = 2147483647;
			files = (
			);
			inputFileListPaths = (
			);
			inputPaths = (
				"${PODS_PODFILE_DIR_PATH}/Podfile.lock",
				"${PODS_ROOT}/Manifest.lock",
			);
			name = "[CP] Check Pods Manifest.lock";
			outputFileListPaths = (
			);
			outputPaths = (
				"$(DERIVED_FILE_DIR)/Pods-MyKitchenTests-checkManifestLockResult.txt",
			);
			runOnlyForDeploymentPostprocessing = 0;
			shellPath = /bin/sh;
			shellScript = "diff \"${PODS_PODFILE_DIR_PATH}/Podfile.lock\" \"${PODS_ROOT}/Manifest.lock\" > /dev/null\nif [ $? != 0 ] ; then\n    # print error to STDERR\n    echo \"error: The sandbox is not in sync with the Podfile.lock. Run 'pod install' or update your CocoaPods installation.\" >&2\n    exit 1\nfi\n# This output is used by Xcode 'outputs' to avoid re-running this script phase.\necho \"SUCCESS\" > \"${SCRIPT_OUTPUT_FILE_0}\"\n";
			showEnvVarsInLog = 0;
		};
		6168A79FF81BCF6DC1592E34 /* [CP] Embed Pods Frameworks */ = {
			isa = PBXShellScriptBuildPhase;
			buildActionMask = 2147483647;
			files = (
			);
			inputFileListPaths = (
				"${PODS_ROOT}/Target Support Files/Pods-MyKitchen/Pods-MyKitchen-frameworks-${CONFIGURATION}-input-files.xcfilelist",
			);
			name = "[CP] Embed Pods Frameworks";
			outputFileListPaths = (
				"${PODS_ROOT}/Target Support Files/Pods-MyKitchen/Pods-MyKitchen-frameworks-${CONFIGURATION}-output-files.xcfilelist",
			);
			runOnlyForDeploymentPostprocessing = 0;
			shellPath = /bin/sh;
			shellScript = "\"${PODS_ROOT}/Target Support Files/Pods-MyKitchen/Pods-MyKitchen-frameworks.sh\"\n";
			showEnvVarsInLog = 0;
		};
		7263D9C5D460D24D9D9A3D5B /* [CP] Check Pods Manifest.lock */ = {
			isa = PBXShellScriptBuildPhase;
			buildActionMask = 2147483647;
			files = (
			);
			inputFileListPaths = (
			);
			inputPaths = (
				"${PODS_PODFILE_DIR_PATH}/Podfile.lock",
				"${PODS_ROOT}/Manifest.lock",
			);
			name = "[CP] Check Pods Manifest.lock";
			outputFileListPaths = (
			);
			outputPaths = (
				"$(DERIVED_FILE_DIR)/Pods-MyKitchen-MyKitchenUITests-checkManifestLockResult.txt",
			);
			runOnlyForDeploymentPostprocessing = 0;
			shellPath = /bin/sh;
			shellScript = "diff \"${PODS_PODFILE_DIR_PATH}/Podfile.lock\" \"${PODS_ROOT}/Manifest.lock\" > /dev/null\nif [ $? != 0 ] ; then\n    # print error to STDERR\n    echo \"error: The sandbox is not in sync with the Podfile.lock. Run 'pod install' or update your CocoaPods installation.\" >&2\n    exit 1\nfi\n# This output is used by Xcode 'outputs' to avoid re-running this script phase.\necho \"SUCCESS\" > \"${SCRIPT_OUTPUT_FILE_0}\"\n";
			showEnvVarsInLog = 0;
		};
		9D45B6036CE1DD4EBD6F6561 /* [CP] Check Pods Manifest.lock */ = {
			isa = PBXShellScriptBuildPhase;
			buildActionMask = 2147483647;
			files = (
			);
			inputFileListPaths = (
			);
			inputPaths = (
				"${PODS_PODFILE_DIR_PATH}/Podfile.lock",
				"${PODS_ROOT}/Manifest.lock",
			);
			name = "[CP] Check Pods Manifest.lock";
			outputFileListPaths = (
			);
			outputPaths = (
				"$(DERIVED_FILE_DIR)/Pods-MyKitchen-checkManifestLockResult.txt",
			);
			runOnlyForDeploymentPostprocessing = 0;
			shellPath = /bin/sh;
			shellScript = "diff \"${PODS_PODFILE_DIR_PATH}/Podfile.lock\" \"${PODS_ROOT}/Manifest.lock\" > /dev/null\nif [ $? != 0 ] ; then\n    # print error to STDERR\n    echo \"error: The sandbox is not in sync with the Podfile.lock. Run 'pod install' or update your CocoaPods installation.\" >&2\n    exit 1\nfi\n# This output is used by Xcode 'outputs' to avoid re-running this script phase.\necho \"SUCCESS\" > \"${SCRIPT_OUTPUT_FILE_0}\"\n";
			showEnvVarsInLog = 0;
		};
		B602FFB1BDA1A189E142BB01 /* [CP] Embed Pods Frameworks */ = {
			isa = PBXShellScriptBuildPhase;
			buildActionMask = 2147483647;
			files = (
			);
			inputFileListPaths = (
				"${PODS_ROOT}/Target Support Files/Pods-MyKitchen-MyKitchenUITests/Pods-MyKitchen-MyKitchenUITests-frameworks-${CONFIGURATION}-input-files.xcfilelist",
			);
			name = "[CP] Embed Pods Frameworks";
			outputFileListPaths = (
				"${PODS_ROOT}/Target Support Files/Pods-MyKitchen-MyKitchenUITests/Pods-MyKitchen-MyKitchenUITests-frameworks-${CONFIGURATION}-output-files.xcfilelist",
			);
			runOnlyForDeploymentPostprocessing = 0;
			shellPath = /bin/sh;
			shellScript = "\"${PODS_ROOT}/Target Support Files/Pods-MyKitchen-MyKitchenUITests/Pods-MyKitchen-MyKitchenUITests-frameworks.sh\"\n";
			showEnvVarsInLog = 0;
		};
/* End PBXShellScriptBuildPhase section */

/* Begin PBXSourcesBuildPhase section */
		3DB44B48271911A600DACF0E /* Sources */ = {
			isa = PBXSourcesBuildPhase;
			buildActionMask = 2147483647;
			files = (
				3DA9E2A32733145300476227 /* Quantity.swift in Sources */,
				3DCFA872272BA9D4009184DA /* RecipeView.swift in Sources */,
				3DB85DFC273338F900695D1F /* Ingredient.swift in Sources */,
				3D1126BC272C467D0090888B /* MealViewerCardView.swift in Sources */,
				3D5557CD2719E355009D5E7D /* RecipeCardView.swift in Sources */,
				3D7D2ACD27350A7900153328 /* FirebaseInterface.swift in Sources */,
				A35179BC2731EC1400E35FC2 /* MealDaySelection.swift in Sources */,
				3DB44B7C271918B400DACF0E /* HomeView.swift in Sources */,
				3DB914B72733B0C100549E66 /* LoginPageView.swift in Sources */,
				3DCFA871272BA9D4009184DA /* RecipeDetailsView.swift in Sources */,
				BA5FD8122732DDCA000ACC4C /* ItemView.swift in Sources */,
				3D4EB76A272355F80049CAF1 /* Searchbar.swift in Sources */,
				3DB44B52271911A600DACF0E /* ContentView.swift in Sources */,
				9B99FE73272B1F0F009E6B62 /* GroupsView.swift in Sources */,
				3D69E7A32736EE6C00709BCA /* RecipeApiResponse.swift in Sources */,
				3DD93C3527222CA6005AE1CC /* NavBar.swift in Sources */,
				9B99FE7D272B6539009E6B62 /* GroupsHomeView.swift in Sources */,
				BA5FD80E2732CD60000ACC4C /* PantryView.swift in Sources */,
				3DB44B50271911A600DACF0E /* MyKitchenApp.swift in Sources */,
				3DB85DFE2733462600695D1F /* PersonalListView.swift in Sources */,
				3DA9E2A52733145E00476227 /* Unit.swift in Sources */,
				A327A1D6272C688F001B7627 /* DaysOfWeek.swift in Sources */,
				3D4EB768272318340049CAF1 /* MealViewer.swift in Sources */,
				3DA182FB2736FE6D00956FDD /* RecipeApi.swift in Sources */,
				9B99FE75272B2344009E6B62 /* MemberCards.swift in Sources */,
				3DA9E2A92733158B00476227 /* AddRecipeView.swift in Sources */,
				3DB85E002733839200695D1F /* IngType.swift in Sources */,
				3DA9E2AB273315EE00476227 /* IngredientEditCardView.swift in Sources */,
				3DA182FD2736FF0600956FDD /* IngredientApi.swift in Sources */,
				9B99FE79272B30B1009E6B62 /* UserModel.swift in Sources */,
				3D934C662738B0BA005552B4 /* EdamamInterface.swift in Sources */,
				3D934C682738B348005552B4 /* ImageHolder.swift in Sources */,
				3DCFA873272BA9D4009184DA /* PlanningView.swift in Sources */,
				3DB85E0827339FE300695D1F /* SignUpView.swift in Sources */,
				3DB44B812719203900DACF0E /* Recipe.swift in Sources */,
				9B99FE83272B991C009E6B62 /* SmallMemberCards.swift in Sources */,
				3DB85E0627339EFD00695D1F /* SignInView.swift in Sources */,
			);
			runOnlyForDeploymentPostprocessing = 0;
		};
		3DB44B59271911A900DACF0E /* Sources */ = {
			isa = PBXSourcesBuildPhase;
			buildActionMask = 2147483647;
			files = (
				3DB44B62271911A900DACF0E /* MyKitchenTests.swift in Sources */,
			);
			runOnlyForDeploymentPostprocessing = 0;
		};
		3DB44B64271911A900DACF0E /* Sources */ = {
			isa = PBXSourcesBuildPhase;
			buildActionMask = 2147483647;
			files = (
				3DB44B6D271911A900DACF0E /* MyKitchenUITests.swift in Sources */,
			);
			runOnlyForDeploymentPostprocessing = 0;
		};
/* End PBXSourcesBuildPhase section */

/* Begin PBXTargetDependency section */
		3DB44B5F271911A900DACF0E /* PBXTargetDependency */ = {
			isa = PBXTargetDependency;
			target = 3DB44B4B271911A600DACF0E /* MyKitchen */;
			targetProxy = 3DB44B5E271911A900DACF0E /* PBXContainerItemProxy */;
		};
		3DB44B6A271911A900DACF0E /* PBXTargetDependency */ = {
			isa = PBXTargetDependency;
			target = 3DB44B4B271911A600DACF0E /* MyKitchen */;
			targetProxy = 3DB44B69271911A900DACF0E /* PBXContainerItemProxy */;
		};
/* End PBXTargetDependency section */

/* Begin XCBuildConfiguration section */
		3DB44B6F271911A900DACF0E /* Debug */ = {
			isa = XCBuildConfiguration;
			buildSettings = {
				ALWAYS_SEARCH_USER_PATHS = NO;
				CLANG_ANALYZER_NONNULL = YES;
				CLANG_ANALYZER_NUMBER_OBJECT_CONVERSION = YES_AGGRESSIVE;
				CLANG_CXX_LANGUAGE_STANDARD = "gnu++14";
				CLANG_CXX_LIBRARY = "libc++";
				CLANG_ENABLE_MODULES = YES;
				CLANG_ENABLE_OBJC_ARC = YES;
				CLANG_ENABLE_OBJC_WEAK = YES;
				CLANG_WARN_BLOCK_CAPTURE_AUTORELEASING = YES;
				CLANG_WARN_BOOL_CONVERSION = YES;
				CLANG_WARN_COMMA = YES;
				CLANG_WARN_CONSTANT_CONVERSION = YES;
				CLANG_WARN_DEPRECATED_OBJC_IMPLEMENTATIONS = YES;
				CLANG_WARN_DIRECT_OBJC_ISA_USAGE = YES_ERROR;
				CLANG_WARN_DOCUMENTATION_COMMENTS = YES;
				CLANG_WARN_EMPTY_BODY = YES;
				CLANG_WARN_ENUM_CONVERSION = YES;
				CLANG_WARN_INFINITE_RECURSION = YES;
				CLANG_WARN_INT_CONVERSION = YES;
				CLANG_WARN_NON_LITERAL_NULL_CONVERSION = YES;
				CLANG_WARN_OBJC_IMPLICIT_RETAIN_SELF = YES;
				CLANG_WARN_OBJC_LITERAL_CONVERSION = YES;
				CLANG_WARN_OBJC_ROOT_CLASS = YES_ERROR;
				CLANG_WARN_QUOTED_INCLUDE_IN_FRAMEWORK_HEADER = YES;
				CLANG_WARN_RANGE_LOOP_ANALYSIS = YES;
				CLANG_WARN_STRICT_PROTOTYPES = YES;
				CLANG_WARN_SUSPICIOUS_MOVE = YES;
				CLANG_WARN_UNGUARDED_AVAILABILITY = YES_AGGRESSIVE;
				CLANG_WARN_UNREACHABLE_CODE = YES;
				CLANG_WARN__DUPLICATE_METHOD_MATCH = YES;
				COPY_PHASE_STRIP = NO;
				DEBUG_INFORMATION_FORMAT = dwarf;
				ENABLE_STRICT_OBJC_MSGSEND = YES;
				ENABLE_TESTABILITY = YES;
				GCC_C_LANGUAGE_STANDARD = gnu11;
				GCC_DYNAMIC_NO_PIC = NO;
				GCC_NO_COMMON_BLOCKS = YES;
				GCC_OPTIMIZATION_LEVEL = 0;
				GCC_PREPROCESSOR_DEFINITIONS = (
					"DEBUG=1",
					"$(inherited)",
				);
				GCC_WARN_64_TO_32_BIT_CONVERSION = YES;
				GCC_WARN_ABOUT_RETURN_TYPE = YES_ERROR;
				GCC_WARN_UNDECLARED_SELECTOR = YES;
				GCC_WARN_UNINITIALIZED_AUTOS = YES_AGGRESSIVE;
				GCC_WARN_UNUSED_FUNCTION = YES;
				GCC_WARN_UNUSED_VARIABLE = YES;
				IPHONEOS_DEPLOYMENT_TARGET = 14.5;
				MTL_ENABLE_DEBUG_INFO = INCLUDE_SOURCE;
				MTL_FAST_MATH = YES;
				ONLY_ACTIVE_ARCH = YES;
				SDKROOT = iphoneos;
				SWIFT_ACTIVE_COMPILATION_CONDITIONS = DEBUG;
				SWIFT_OPTIMIZATION_LEVEL = "-Onone";
			};
			name = Debug;
		};
		3DB44B70271911A900DACF0E /* Release */ = {
			isa = XCBuildConfiguration;
			buildSettings = {
				ALWAYS_SEARCH_USER_PATHS = NO;
				CLANG_ANALYZER_NONNULL = YES;
				CLANG_ANALYZER_NUMBER_OBJECT_CONVERSION = YES_AGGRESSIVE;
				CLANG_CXX_LANGUAGE_STANDARD = "gnu++14";
				CLANG_CXX_LIBRARY = "libc++";
				CLANG_ENABLE_MODULES = YES;
				CLANG_ENABLE_OBJC_ARC = YES;
				CLANG_ENABLE_OBJC_WEAK = YES;
				CLANG_WARN_BLOCK_CAPTURE_AUTORELEASING = YES;
				CLANG_WARN_BOOL_CONVERSION = YES;
				CLANG_WARN_COMMA = YES;
				CLANG_WARN_CONSTANT_CONVERSION = YES;
				CLANG_WARN_DEPRECATED_OBJC_IMPLEMENTATIONS = YES;
				CLANG_WARN_DIRECT_OBJC_ISA_USAGE = YES_ERROR;
				CLANG_WARN_DOCUMENTATION_COMMENTS = YES;
				CLANG_WARN_EMPTY_BODY = YES;
				CLANG_WARN_ENUM_CONVERSION = YES;
				CLANG_WARN_INFINITE_RECURSION = YES;
				CLANG_WARN_INT_CONVERSION = YES;
				CLANG_WARN_NON_LITERAL_NULL_CONVERSION = YES;
				CLANG_WARN_OBJC_IMPLICIT_RETAIN_SELF = YES;
				CLANG_WARN_OBJC_LITERAL_CONVERSION = YES;
				CLANG_WARN_OBJC_ROOT_CLASS = YES_ERROR;
				CLANG_WARN_QUOTED_INCLUDE_IN_FRAMEWORK_HEADER = YES;
				CLANG_WARN_RANGE_LOOP_ANALYSIS = YES;
				CLANG_WARN_STRICT_PROTOTYPES = YES;
				CLANG_WARN_SUSPICIOUS_MOVE = YES;
				CLANG_WARN_UNGUARDED_AVAILABILITY = YES_AGGRESSIVE;
				CLANG_WARN_UNREACHABLE_CODE = YES;
				CLANG_WARN__DUPLICATE_METHOD_MATCH = YES;
				COPY_PHASE_STRIP = NO;
				DEBUG_INFORMATION_FORMAT = "dwarf-with-dsym";
				ENABLE_NS_ASSERTIONS = NO;
				ENABLE_STRICT_OBJC_MSGSEND = YES;
				GCC_C_LANGUAGE_STANDARD = gnu11;
				GCC_NO_COMMON_BLOCKS = YES;
				GCC_WARN_64_TO_32_BIT_CONVERSION = YES;
				GCC_WARN_ABOUT_RETURN_TYPE = YES_ERROR;
				GCC_WARN_UNDECLARED_SELECTOR = YES;
				GCC_WARN_UNINITIALIZED_AUTOS = YES_AGGRESSIVE;
				GCC_WARN_UNUSED_FUNCTION = YES;
				GCC_WARN_UNUSED_VARIABLE = YES;
				IPHONEOS_DEPLOYMENT_TARGET = 14.5;
				MTL_ENABLE_DEBUG_INFO = NO;
				MTL_FAST_MATH = YES;
				SDKROOT = iphoneos;
				SWIFT_COMPILATION_MODE = wholemodule;
				SWIFT_OPTIMIZATION_LEVEL = "-O";
				VALIDATE_PRODUCT = YES;
			};
			name = Release;
		};
		3DB44B72271911A900DACF0E /* Debug */ = {
			isa = XCBuildConfiguration;
			baseConfigurationReference = DF9E2890C99CCC972C4C9DAD /* Pods-MyKitchen.debug.xcconfig */;
			buildSettings = {
				ASSETCATALOG_COMPILER_APPICON_NAME = AppIcon;
				ASSETCATALOG_COMPILER_GLOBAL_ACCENT_COLOR_NAME = AccentColor;
				CODE_SIGN_ENTITLEMENTS = MyKitchen/MyKitchen.entitlements;
				CODE_SIGN_STYLE = Automatic;
				DEVELOPMENT_ASSET_PATHS = "\"MyKitchen/Preview Content\"";
				DEVELOPMENT_TEAM = D5W7247FK8;
				ENABLE_PREVIEWS = YES;
				INFOPLIST_FILE = MyKitchen/Info.plist;
				IPHONEOS_DEPLOYMENT_TARGET = 14.0;
				LD_RUNPATH_SEARCH_PATHS = (
					"$(inherited)",
					"@executable_path/Frameworks",
				);
				PRODUCT_BUNDLE_IDENTIFIER = com.lac66.MyKitchen;
				PRODUCT_NAME = "$(TARGET_NAME)";
				SWIFT_VERSION = 5.0;
				TARGETED_DEVICE_FAMILY = "1,2";
			};
			name = Debug;
		};
		3DB44B73271911A900DACF0E /* Release */ = {
			isa = XCBuildConfiguration;
			baseConfigurationReference = 0389DE2B865C0C999E0F0196 /* Pods-MyKitchen.release.xcconfig */;
			buildSettings = {
				ASSETCATALOG_COMPILER_APPICON_NAME = AppIcon;
				ASSETCATALOG_COMPILER_GLOBAL_ACCENT_COLOR_NAME = AccentColor;
				CODE_SIGN_ENTITLEMENTS = MyKitchen/MyKitchen.entitlements;
				CODE_SIGN_STYLE = Automatic;
				DEVELOPMENT_ASSET_PATHS = "\"MyKitchen/Preview Content\"";
				DEVELOPMENT_TEAM = D5W7247FK8;
				ENABLE_PREVIEWS = YES;
				INFOPLIST_FILE = MyKitchen/Info.plist;
				IPHONEOS_DEPLOYMENT_TARGET = 14.0;
				LD_RUNPATH_SEARCH_PATHS = (
					"$(inherited)",
					"@executable_path/Frameworks",
				);
				PRODUCT_BUNDLE_IDENTIFIER = com.lac66.MyKitchen;
				PRODUCT_NAME = "$(TARGET_NAME)";
				SWIFT_VERSION = 5.0;
				TARGETED_DEVICE_FAMILY = "1,2";
			};
			name = Release;
		};
		3DB44B75271911A900DACF0E /* Debug */ = {
			isa = XCBuildConfiguration;
			baseConfigurationReference = EC62A3B39A2B1666EB85520E /* Pods-MyKitchenTests.debug.xcconfig */;
			buildSettings = {
				ALWAYS_EMBED_SWIFT_STANDARD_LIBRARIES = YES;
				BUNDLE_LOADER = "$(TEST_HOST)";
				CODE_SIGN_STYLE = Automatic;
				DEVELOPMENT_TEAM = D5W7247FK8;
				INFOPLIST_FILE = MyKitchenTests/Info.plist;
				IPHONEOS_DEPLOYMENT_TARGET = 14.0;
				LD_RUNPATH_SEARCH_PATHS = (
					"$(inherited)",
					"@executable_path/Frameworks",
					"@loader_path/Frameworks",
				);
				PRODUCT_BUNDLE_IDENTIFIER = com.lac66.MyKitchenTests;
				PRODUCT_NAME = "$(TARGET_NAME)";
				SWIFT_VERSION = 5.0;
				TARGETED_DEVICE_FAMILY = "1,2";
				TEST_HOST = "$(BUILT_PRODUCTS_DIR)/MyKitchen.app/MyKitchen";
			};
			name = Debug;
		};
		3DB44B76271911A900DACF0E /* Release */ = {
			isa = XCBuildConfiguration;
			baseConfigurationReference = 0E380EBE85460989D689C3D3 /* Pods-MyKitchenTests.release.xcconfig */;
			buildSettings = {
				ALWAYS_EMBED_SWIFT_STANDARD_LIBRARIES = YES;
				BUNDLE_LOADER = "$(TEST_HOST)";
				CODE_SIGN_STYLE = Automatic;
				DEVELOPMENT_TEAM = D5W7247FK8;
				INFOPLIST_FILE = MyKitchenTests/Info.plist;
				IPHONEOS_DEPLOYMENT_TARGET = 14.0;
				LD_RUNPATH_SEARCH_PATHS = (
					"$(inherited)",
					"@executable_path/Frameworks",
					"@loader_path/Frameworks",
				);
				PRODUCT_BUNDLE_IDENTIFIER = com.lac66.MyKitchenTests;
				PRODUCT_NAME = "$(TARGET_NAME)";
				SWIFT_VERSION = 5.0;
				TARGETED_DEVICE_FAMILY = "1,2";
				TEST_HOST = "$(BUILT_PRODUCTS_DIR)/MyKitchen.app/MyKitchen";
			};
			name = Release;
		};
		3DB44B78271911A900DACF0E /* Debug */ = {
			isa = XCBuildConfiguration;
			baseConfigurationReference = C41630BBFD9C5D8FD91EE318 /* Pods-MyKitchen-MyKitchenUITests.debug.xcconfig */;
			buildSettings = {
				ALWAYS_EMBED_SWIFT_STANDARD_LIBRARIES = YES;
				CODE_SIGN_STYLE = Automatic;
				DEVELOPMENT_TEAM = D5W7247FK8;
				INFOPLIST_FILE = MyKitchenUITests/Info.plist;
				LD_RUNPATH_SEARCH_PATHS = (
					"$(inherited)",
					"@executable_path/Frameworks",
					"@loader_path/Frameworks",
				);
				PRODUCT_BUNDLE_IDENTIFIER = com.lac66.MyKitchenUITests;
				PRODUCT_NAME = "$(TARGET_NAME)";
				SWIFT_VERSION = 5.0;
				TARGETED_DEVICE_FAMILY = "1,2";
				TEST_TARGET_NAME = MyKitchen;
			};
			name = Debug;
		};
		3DB44B79271911A900DACF0E /* Release */ = {
			isa = XCBuildConfiguration;
			baseConfigurationReference = EB3A6E4C622DAD0A448B4B12 /* Pods-MyKitchen-MyKitchenUITests.release.xcconfig */;
			buildSettings = {
				ALWAYS_EMBED_SWIFT_STANDARD_LIBRARIES = YES;
				CODE_SIGN_STYLE = Automatic;
				DEVELOPMENT_TEAM = D5W7247FK8;
				INFOPLIST_FILE = MyKitchenUITests/Info.plist;
				LD_RUNPATH_SEARCH_PATHS = (
					"$(inherited)",
					"@executable_path/Frameworks",
					"@loader_path/Frameworks",
				);
				PRODUCT_BUNDLE_IDENTIFIER = com.lac66.MyKitchenUITests;
				PRODUCT_NAME = "$(TARGET_NAME)";
				SWIFT_VERSION = 5.0;
				TARGETED_DEVICE_FAMILY = "1,2";
				TEST_TARGET_NAME = MyKitchen;
			};
			name = Release;
		};
/* End XCBuildConfiguration section */

/* Begin XCConfigurationList section */
		3DB44B47271911A600DACF0E /* Build configuration list for PBXProject "MyKitchen" */ = {
			isa = XCConfigurationList;
			buildConfigurations = (
				3DB44B6F271911A900DACF0E /* Debug */,
				3DB44B70271911A900DACF0E /* Release */,
			);
			defaultConfigurationIsVisible = 0;
			defaultConfigurationName = Release;
		};
		3DB44B71271911A900DACF0E /* Build configuration list for PBXNativeTarget "MyKitchen" */ = {
			isa = XCConfigurationList;
			buildConfigurations = (
				3DB44B72271911A900DACF0E /* Debug */,
				3DB44B73271911A900DACF0E /* Release */,
			);
			defaultConfigurationIsVisible = 0;
			defaultConfigurationName = Release;
		};
		3DB44B74271911A900DACF0E /* Build configuration list for PBXNativeTarget "MyKitchenTests" */ = {
			isa = XCConfigurationList;
			buildConfigurations = (
				3DB44B75271911A900DACF0E /* Debug */,
				3DB44B76271911A900DACF0E /* Release */,
			);
			defaultConfigurationIsVisible = 0;
			defaultConfigurationName = Release;
		};
		3DB44B77271911A900DACF0E /* Build configuration list for PBXNativeTarget "MyKitchenUITests" */ = {
			isa = XCConfigurationList;
			buildConfigurations = (
				3DB44B78271911A900DACF0E /* Debug */,
				3DB44B79271911A900DACF0E /* Release */,
			);
			defaultConfigurationIsVisible = 0;
			defaultConfigurationName = Release;
		};
/* End XCConfigurationList section */
	};
	rootObject = 3DB44B44271911A600DACF0E /* Project object */;
}
